
Microsoft Visual Studio Solution File, Format Version 12.00
# Visual Studio Version 17
VisualStudioVersion = 17.6.33801.468
MinimumVisualStudioVersion = 10.0.40219.1
Project("{FAE04EC0-301F-11D3-BF4B-00C04F79EFBC}") = "Syhov-MDK-01-02", "Syhov-MDK-01-02\Syhov-MDK-01-02.csproj", "{C2F8BB71-A3F5-45CD-B161-79C7EF81EC3C}"
EndProject
Global
	GlobalSection(SolutionConfigurationPlatforms) = preSolution
		Debug|Any CPU = Debug|Any CPU
		Release|Any CPU = Release|Any CPU
	EndGlobalSection
	GlobalSection(ProjectConfigurationPlatforms) = postSolution
		{C2F8BB71-A3F5-45CD-B161-79C7EF81EC3C}.Debug|Any CPU.ActiveCfg = Debug|Any CPU
		{C2F8BB71-A3F5-45CD-B161-79C7EF81EC3C}.Debug|Any CPU.Build.0 = Debug|Any CPU
		{C2F8BB71-A3F5-45CD-B161-79C7EF81EC3C}.Release|Any CPU.ActiveCfg = Release|Any CPU
		{C2F8BB71-A3F5-45CD-B161-79C7EF81EC3C}.Release|Any CPU.Build.0 = Release|Any CPU
	EndGlobalSection
	GlobalSection(SolutionProperties) = preSolution
		HideSolutionNode = FALSE
	EndGlobalSection
	GlobalSection(ExtensibilityGlobals) = postSolution
		SolutionGuid = {F9AC0794-0131-43D4-9199-5847A11DB0FD}
	EndGlobalSection
EndGlobal
